
Microsoft Visual Studio Solution File, Format Version 12.00
# Visual Studio 2013
VisualStudioVersion = 12.0.31101.0
MinimumVisualStudioVersion = 10.0.40219.1
Project("{FAE04EC0-301F-11D3-BF4B-00C04F79EFBC}") = "Hypermedia.WebApi", "Hypermedia.WebApi\Hypermedia.WebApi.csproj", "{2647ADCC-949C-400D-8D04-F3192C3B0569}"
EndProject
Project("{FAE04EC0-301F-11D3-BF4B-00C04F79EFBC}") = "Hypermedia.WebApi.Tests", "Hypermedia.WebApi.Tests\Hypermedia.WebApi.Tests.csproj", "{0F4BB37C-8E11-4D35-92E5-4153B962E0F4}"
EndProject
Global
	GlobalSection(SolutionConfigurationPlatforms) = preSolution
		Debug|Any CPU = Debug|Any CPU
		Release|Any CPU = Release|Any CPU
	EndGlobalSection
	GlobalSection(ProjectConfigurationPlatforms) = postSolution
		{2647ADCC-949C-400D-8D04-F3192C3B0569}.Debug|Any CPU.ActiveCfg = Debug|Any CPU
		{2647ADCC-949C-400D-8D04-F3192C3B0569}.Debug|Any CPU.Build.0 = Debug|Any CPU
		{2647ADCC-949C-400D-8D04-F3192C3B0569}.Release|Any CPU.ActiveCfg = Release|Any CPU
		{2647ADCC-949C-400D-8D04-F3192C3B0569}.Release|Any CPU.Build.0 = Release|Any CPU
		{0F4BB37C-8E11-4D35-92E5-4153B962E0F4}.Debug|Any CPU.ActiveCfg = Debug|Any CPU
		{0F4BB37C-8E11-4D35-92E5-4153B962E0F4}.Debug|Any CPU.Build.0 = Debug|Any CPU
		{0F4BB37C-8E11-4D35-92E5-4153B962E0F4}.Release|Any CPU.ActiveCfg = Release|Any CPU
		{0F4BB37C-8E11-4D35-92E5-4153B962E0F4}.Release|Any CPU.Build.0 = Release|Any CPU
	EndGlobalSection
	GlobalSection(SolutionProperties) = preSolution
		HideSolutionNode = FALSE
	EndGlobalSection
EndGlobal
